
Microsoft Visual Studio Solution File, Format Version 12.00
# Visual Studio Version 17
VisualStudioVersion = 17.11.35327.3
MinimumVisualStudioVersion = 10.0.40219.1
Project("{9A19103F-16F7-4668-BE54-9A1E7A4F7556}") = "solutionjulia", "solutionjulia\solutionjulia.csproj", "{B96BBF8D-6B21-45A8-A97F-78F09DDDF07E}"
EndProject
Project("{9A19103F-16F7-4668-BE54-9A1E7A4F7556}") = "ARRAY", "ARRAY\ARRAY.csproj", "{B2C1BAF7-630A-427A-9FD4-B30CFB558317}"
EndProject
Project("{FAE04EC0-301F-11D3-BF4B-00C04F79EFBC}") = "E-commerc511", "511\E-commerc511\E-commerc511.csproj", "{0B8B315D-EBF3-45B0-9D2A-C5934D24FDC0}"
EndProject
Global
	GlobalSection(SolutionConfigurationPlatforms) = preSolution
		Debug|Any CPU = Debug|Any CPU
		Release|Any CPU = Release|Any CPU
	EndGlobalSection
	GlobalSection(ProjectConfigurationPlatforms) = postSolution
		{B96BBF8D-6B21-45A8-A97F-78F09DDDF07E}.Debug|Any CPU.ActiveCfg = Debug|Any CPU
		{B96BBF8D-6B21-45A8-A97F-78F09DDDF07E}.Debug|Any CPU.Build.0 = Debug|Any CPU
		{B96BBF8D-6B21-45A8-A97F-78F09DDDF07E}.Release|Any CPU.ActiveCfg = Release|Any CPU
		{B96BBF8D-6B21-45A8-A97F-78F09DDDF07E}.Release|Any CPU.Build.0 = Release|Any CPU
		{B2C1BAF7-630A-427A-9FD4-B30CFB558317}.Debug|Any CPU.ActiveCfg = Debug|Any CPU
		{B2C1BAF7-630A-427A-9FD4-B30CFB558317}.Debug|Any CPU.Build.0 = Debug|Any CPU
		{B2C1BAF7-630A-427A-9FD4-B30CFB558317}.Release|Any CPU.ActiveCfg = Release|Any CPU
		{B2C1BAF7-630A-427A-9FD4-B30CFB558317}.Release|Any CPU.Build.0 = Release|Any CPU
		{0B8B315D-EBF3-45B0-9D2A-C5934D24FDC0}.Debug|Any CPU.ActiveCfg = Debug|Any CPU
		{0B8B315D-EBF3-45B0-9D2A-C5934D24FDC0}.Debug|Any CPU.Build.0 = Debug|Any CPU
		{0B8B315D-EBF3-45B0-9D2A-C5934D24FDC0}.Release|Any CPU.ActiveCfg = Release|Any CPU
		{0B8B315D-EBF3-45B0-9D2A-C5934D24FDC0}.Release|Any CPU.Build.0 = Release|Any CPU
	EndGlobalSection
	GlobalSection(SolutionProperties) = preSolution
		HideSolutionNode = FALSE
	EndGlobalSection
	GlobalSection(ExtensibilityGlobals) = postSolution
		SolutionGuid = {6E776637-0676-4A23-88C6-24EE82FC128C}
	EndGlobalSection
EndGlobal
